
Microsoft Visual Studio Solution File, Format Version 12.00
# Visual Studio 15
VisualStudioVersion = 15.0.27130.2010
MinimumVisualStudioVersion = 10.0.40219.1
Project("{FAE04EC0-301F-11D3-BF4B-00C04F79EFBC}") = "MMIT.ShareCleaner", "MMIT.ShareCleaner\MMIT.ShareCleaner.csproj", "{F9F77C31-62BA-4BBB-B450-0FA4993B727C}"
EndProject
Global
	GlobalSection(SolutionConfigurationPlatforms) = preSolution
		Debug|Any CPU = Debug|Any CPU
		Release|Any CPU = Release|Any CPU
	EndGlobalSection
	GlobalSection(ProjectConfigurationPlatforms) = postSolution
		{F9F77C31-62BA-4BBB-B450-0FA4993B727C}.Debug|Any CPU.ActiveCfg = Debug|Any CPU
		{F9F77C31-62BA-4BBB-B450-0FA4993B727C}.Debug|Any CPU.Build.0 = Debug|Any CPU
		{F9F77C31-62BA-4BBB-B450-0FA4993B727C}.Release|Any CPU.ActiveCfg = Release|Any CPU
		{F9F77C31-62BA-4BBB-B450-0FA4993B727C}.Release|Any CPU.Build.0 = Release|Any CPU
	EndGlobalSection
	GlobalSection(SolutionProperties) = preSolution
		HideSolutionNode = FALSE
	EndGlobalSection
	GlobalSection(ExtensibilityGlobals) = postSolution
		SolutionGuid = {C1051CD3-404D-40BD-8106-78A2506BB5C2}
	EndGlobalSection
EndGlobal
